
Microsoft Visual Studio Solution File, Format Version 12.00
# Visual Studio Version 17
VisualStudioVersion = 17.14.37111.16 d17.14
MinimumVisualStudioVersion = 10.0.40219.1
Project("{FAE04EC0-301F-11D3-BF4B-00C04F79EFBC}") = "MakonaApp", "MakonaApp.csproj", "{3461A1FA-799E-43A6-ADF9-6F5107C6F785}"
EndProject
Global
	GlobalSection(SolutionConfigurationPlatforms) = preSolution
		Debug|Any CPU = Debug|Any CPU
		Release|Any CPU = Release|Any CPU
	EndGlobalSection
	GlobalSection(ProjectConfigurationPlatforms) = postSolution
		{3461A1FA-799E-43A6-ADF9-6F5107C6F785}.Debug|Any CPU.ActiveCfg = Debug|Any CPU
		{3461A1FA-799E-43A6-ADF9-6F5107C6F785}.Debug|Any CPU.Build.0 = Debug|Any CPU
		{3461A1FA-799E-43A6-ADF9-6F5107C6F785}.Release|Any CPU.ActiveCfg = Release|Any CPU
		{3461A1FA-799E-43A6-ADF9-6F5107C6F785}.Release|Any CPU.Build.0 = Release|Any CPU
	EndGlobalSection
	GlobalSection(SolutionProperties) = preSolution
		HideSolutionNode = FALSE
	EndGlobalSection
	GlobalSection(ExtensibilityGlobals) = postSolution
		SolutionGuid = {C737E298-AC47-47C5-8FF8-3E398880A16B}
	EndGlobalSection
EndGlobal
